
Microsoft Visual Studio Solution File, Format Version 12.00
# Visual Studio Version 17
VisualStudioVersion = 17.10.34916.146
MinimumVisualStudioVersion = 10.0.40219.1
Project("{FAE04EC0-301F-11D3-BF4B-00C04F79EFBC}") = "BestBuyCRUDApp-Employees", "BestBuyCRUDApp-Employees\BestBuyCRUDApp-Employees.csproj", "{99532EDB-86CB-4B0A-AE12-AFBD0F1014AB}"
EndProject
Global
	GlobalSection(SolutionConfigurationPlatforms) = preSolution
		Debug|Any CPU = Debug|Any CPU
		Release|Any CPU = Release|Any CPU
	EndGlobalSection
	GlobalSection(ProjectConfigurationPlatforms) = postSolution
		{99532EDB-86CB-4B0A-AE12-AFBD0F1014AB}.Debug|Any CPU.ActiveCfg = Debug|Any CPU
		{99532EDB-86CB-4B0A-AE12-AFBD0F1014AB}.Debug|Any CPU.Build.0 = Debug|Any CPU
		{99532EDB-86CB-4B0A-AE12-AFBD0F1014AB}.Release|Any CPU.ActiveCfg = Release|Any CPU
		{99532EDB-86CB-4B0A-AE12-AFBD0F1014AB}.Release|Any CPU.Build.0 = Release|Any CPU
	EndGlobalSection
	GlobalSection(SolutionProperties) = preSolution
		HideSolutionNode = FALSE
	EndGlobalSection
	GlobalSection(ExtensibilityGlobals) = postSolution
		SolutionGuid = {46B5A682-1D2B-4257-B073-0CEA828862DF}
	EndGlobalSection
EndGlobal
